{
  "name": "workspace-proxy",
  "lockfileVersion": 3,
  "requires": true,
  "packages": {
    "": {
      "name": "workspace-proxy",
      "hasInstallScript": true,
      "dependencies": {
        "@types/dompurify": "^3.0.5",
        "@types/marked": "^5.0.2",
        "dompurify": "^3.2.6",
        "highlight.js": "^11.11.1",
        "marked": "^16.2.1"
      }
    },
    "node_modules/@types/dompurify": {
      "version": "3.0.5",
      "resolved": "https://registry.npmjs.org/@types/dompurify/-/dompurify-3.0.5.tgz",
      "integrity": "sha512-1Wg0g3BtQF7sSb27fJQAKck1HECM6zV1EB66j8JH9i3LCjYabJa0FSdiSgsD5K/RbrsR0SiraKacLB+T8ZVYAg==",
      "license": "MIT",
      "dependencies": {
        "@types/trusted-types": "*"
      }
    },
    "node_modules/@types/marked": {
      "version": "5.0.2",
      "resolved": "https://registry.npmjs.org/@types/marked/-/marked-5.0.2.tgz",
      "integrity": "sha512-OucS4KMHhFzhz27KxmWg7J+kIYqyqoW5kdIEI319hqARQQUTqhao3M/F+uFnDXD0Rg72iDDZxZNxq5gvctmLlg==",
      "license": "MIT"
    },
    "node_modules/@types/trusted-types": {
      "version": "2.0.7",
      "resolved": "https://registry.npmjs.org/@types/trusted-types/-/trusted-types-2.0.7.tgz",
      "integrity": "sha512-ScaPdn1dQczgbl0QFTeTOmVHFULt394XJgOQNoyVhZ6r2vLnMLJfBPd53SB52T/3G36VI1/g2MZaX0cwDuXsfw==",
      "license": "MIT"
    },
    "node_modules/dompurify": {
      "version": "3.2.6",
      "resolved": "https://registry.npmjs.org/dompurify/-/dompurify-3.2.6.tgz",
      "integrity": "sha512-/2GogDQlohXPZe6D6NOgQvXLPSYBqIWMnZ8zzOhn09REE4eyAzb+Hed3jhoM9OkuaJ8P6ZGTTVWQKAi8ieIzfQ==",
      "license": "(MPL-2.0 OR Apache-2.0)",
      "optionalDependencies": {
        "@types/trusted-types": "^2.0.7"
      }
    },
    "node_modules/highlight.js": {
      "version": "11.11.1",
      "resolved": "https://registry.npmjs.org/highlight.js/-/highlight.js-11.11.1.tgz",
      "integrity": "sha512-Xwwo44whKBVCYoliBQwaPvtd/2tYFkRQtXDWj1nackaV2JPXx3L0+Jvd8/qCJ2p+ML0/XVkJ2q+Mr+UVdpJK5w==",
      "license": "BSD-3-Clause",
      "engines": {
        "node": ">=12.0.0"
      }
    },
    "node_modules/marked": {
      "version": "16.2.1",
      "resolved": "https://registry.npmjs.org/marked/-/marked-16.2.1.tgz",
      "integrity": "sha512-r3UrXED9lMlHF97jJByry90cwrZBBvZmjG1L68oYfuPMW+uDTnuMbyJDymCWwbTE+f+3LhpNDKfpR3a3saFyjA==",
      "license": "MIT",
      "bin": {
        "marked": "bin/marked.js"
      },
      "engines": {
        "node": ">= 20"
      }
    }
  }
}
